
Microsoft Visual Studio Solution File, Format Version 12.00
# Visual Studio Version 17
VisualStudioVersion = 17.7.34031.279
MinimumVisualStudioVersion = 10.0.40219.1
Project("{9A19103F-16F7-4668-BE54-9A1E7A4F7556}") = "Hall Of Fame", "Hall Of Fame\Hall Of Fame.csproj", "{4BEF9072-0745-47C0-B707-93F984F4D532}"
EndProject
Project("{9A19103F-16F7-4668-BE54-9A1E7A4F7556}") = "Tests", "UnitTests\Tests.csproj", "{032E4CC7-F05D-4344-A81A-4346F920772D}"
EndProject
Global
	GlobalSection(SolutionConfigurationPlatforms) = preSolution
		Debug|Any CPU = Debug|Any CPU
		Release|Any CPU = Release|Any CPU
	EndGlobalSection
	GlobalSection(ProjectConfigurationPlatforms) = postSolution
		{4BEF9072-0745-47C0-B707-93F984F4D532}.Debug|Any CPU.ActiveCfg = Debug|Any CPU
		{4BEF9072-0745-47C0-B707-93F984F4D532}.Debug|Any CPU.Build.0 = Debug|Any CPU
		{4BEF9072-0745-47C0-B707-93F984F4D532}.Release|Any CPU.ActiveCfg = Release|Any CPU
		{4BEF9072-0745-47C0-B707-93F984F4D532}.Release|Any CPU.Build.0 = Release|Any CPU
		{032E4CC7-F05D-4344-A81A-4346F920772D}.Debug|Any CPU.ActiveCfg = Debug|Any CPU
		{032E4CC7-F05D-4344-A81A-4346F920772D}.Debug|Any CPU.Build.0 = Debug|Any CPU
		{032E4CC7-F05D-4344-A81A-4346F920772D}.Release|Any CPU.ActiveCfg = Release|Any CPU
		{032E4CC7-F05D-4344-A81A-4346F920772D}.Release|Any CPU.Build.0 = Release|Any CPU
	EndGlobalSection
	GlobalSection(SolutionProperties) = preSolution
		HideSolutionNode = FALSE
	EndGlobalSection
	GlobalSection(ExtensibilityGlobals) = postSolution
		SolutionGuid = {093524E2-BD99-42A2-BFAB-94A58EAA0549}
	EndGlobalSection
EndGlobal
